
Microsoft Visual Studio Solution File, Format Version 12.00
# Visual Studio 2012
Project("{FAE04EC0-301F-11D3-BF4B-00C04F79EFBC}") = "QueueLinkedList", "QueueLinkedList\QueueLinkedList.csproj", "{ABFE6CED-14D5-4A4F-BE02-EB7FF24A7075}"
EndProject
Global
	GlobalSection(SolutionConfigurationPlatforms) = preSolution
		Debug|x86 = Debug|x86
		Release|x86 = Release|x86
	EndGlobalSection
	GlobalSection(ProjectConfigurationPlatforms) = postSolution
		{ABFE6CED-14D5-4A4F-BE02-EB7FF24A7075}.Debug|x86.ActiveCfg = Debug|x86
		{ABFE6CED-14D5-4A4F-BE02-EB7FF24A7075}.Debug|x86.Build.0 = Debug|x86
		{ABFE6CED-14D5-4A4F-BE02-EB7FF24A7075}.Release|x86.ActiveCfg = Release|x86
		{ABFE6CED-14D5-4A4F-BE02-EB7FF24A7075}.Release|x86.Build.0 = Release|x86
	EndGlobalSection
EndGlobal
